{
  "requires": true,
  "lockfileVersion": 1,
  "dependencies": {
    "@types/jquery": {
      "version": "3.5.13",
      "resolved": "https://eu.artifactory.swg-devops.com/artifactory/api/npm/sec-ops-trusteer-npm-virtual/@types/jquery/-/jquery-3.5.13.tgz?dl=https%3A%2F%2Fregistry.npmjs.org%2F%40types%2Fjquery%2F-%2Fjquery-3.5.13.tgz",
      "integrity": "sha1-VILT7jJdWGL3epHAk2muClsIK/M=",
      "dev": true,
      "requires": {
        "@types/sizzle": "*"
      }
    },
    "@types/sizzle": {
      "version": "2.3.3",
      "resolved": "https://eu.artifactory.swg-devops.com/artifactory/api/npm/sec-ops-trusteer-npm-virtual/@types/sizzle/-/sizzle-2.3.3.tgz?dl=https%3A%2F%2Fregistry.npmjs.org%2F%40types%2Fsizzle%2F-%2Fsizzle-2.3.3.tgz",
      "integrity": "sha1-/14vGQKWnTBSJaBHyKD9XJFc6+8=",
      "dev": true
    }
  }
}
